
Microsoft Visual Studio Solution File, Format Version 12.00
# Visual Studio Version 17
VisualStudioVersion = 17.14.36310.24 d17.14
MinimumVisualStudioVersion = 10.0.40219.1
Project("{FAE04EC0-301F-11D3-BF4B-00C04F79EFBC}") = "MoneyPilotAI", "MoneyPilotAI\MoneyPilotAI.csproj", "{AF6F96F6-CA0D-4342-ADD8-1ACAE55023E1}"
EndProject
Global
	GlobalSection(SolutionConfigurationPlatforms) = preSolution
		Debug|Any CPU = Debug|Any CPU
		Release|Any CPU = Release|Any CPU
	EndGlobalSection
	GlobalSection(ProjectConfigurationPlatforms) = postSolution
		{AF6F96F6-CA0D-4342-ADD8-1ACAE55023E1}.Debug|Any CPU.ActiveCfg = Debug|Any CPU
		{AF6F96F6-CA0D-4342-ADD8-1ACAE55023E1}.Debug|Any CPU.Build.0 = Debug|Any CPU
		{AF6F96F6-CA0D-4342-ADD8-1ACAE55023E1}.Release|Any CPU.ActiveCfg = Release|Any CPU
		{AF6F96F6-CA0D-4342-ADD8-1ACAE55023E1}.Release|Any CPU.Build.0 = Release|Any CPU
	EndGlobalSection
	GlobalSection(SolutionProperties) = preSolution
		HideSolutionNode = FALSE
	EndGlobalSection
	GlobalSection(ExtensibilityGlobals) = postSolution
		SolutionGuid = {9DC31786-5D48-477D-82ED-4FA3D2D42AED}
	EndGlobalSection
EndGlobal
